{
  "name": "unitystack",
  "version": "0.0.0",
  "lockfileVersion": 3,
  "requires": true,
  "packages": {
    "": {
      "name": "unitystack",
      "version": "0.0.0",
      "dependencies": {
        "@tinymce/tinymce-react": "^5.1.1",
        "emailjs-com": "^3.2.0",
        "framer-motion": "^12.0.1",
        "prop-types": "^15.8.1",
        "quill": "^2.0.3",
        "react-quill": "^0.0.2",
        "react-transition-group": "^4.4.5",
        "@fortawesome/fontawesome-free": "^6.7.2",
        "@fortawesome/fontawesome-svg-core": "^6.7.2",
        "@fortawesome/free-solid-svg-icons": "^6.7.2",
        "@fortawesome/react-fontawesome": "^0.2.2",
        "axios": "^1.7.9",
        "bootstrap": "^5.3.3",
        "chart.js": "^4.4.7",
        "js-cookie": "^3.0.5",
        "lucide-react": "^0.469.0",
        "react": "^18.3.1",
        "react-bootstrap": "^2.10.7",
        "react-chartjs-2": "^5.3.0",
        "react-datepicker": "^7.6.0",
        "react-dom": "^18.3.1",
        "react-icons": "^5.4.0",
        "react-router-dom": "^7.1.1",
        "recharts": "^2.15.0"
      },
      "devDependencies": {
        "@eslint/js": "^9.17.0",
        "@types/react": "^18.3.18",
        "@types/react-dom": "^18.3.5",
        "@vitejs/plugin-react": "^4.3.4",
        "eslint": "^9.17.0",
        "eslint-plugin-react": "^7.37.2",
        "eslint-plugin-react-hooks": "^5.0.0",
        "eslint-plugin-react-refresh": "^0.4.16",
        "globals": "^15.14.0",
        "vite": "^6.0.7"
      }
    },

    "node_modules/@babel/runtime": {
      "version": "7.26.0",
      "resolved": "https://registry.npmjs.org/@babel/runtime/-/runtime-7.26.0.tgz",
      "integrity": "sha512-FDSOghenHTiToteC/QRlv2q3DhPZ/oOXTBoirfWNx1Cx3TMVcGWQtMMmQcSvb/JjpNeGzx8Pq/b4fKEJuWm1sw==",
      "license": "MIT",
      "dependencies": {
        "regenerator-runtime": "^0.14.0"
      },
      "engines": {
        "node": ">=6.9.0"
      }
    },
    "node_modules/@tinymce/tinymce-react": {
      "version": "5.1.1",
      "resolved": "https://registry.npmjs.org/@tinymce/tinymce-react/-/tinymce-react-5.1.1.tgz",
      "integrity": "sha512-DQ0wpvnf/9z8RsOEAmrWZ1DN1PKqcQHfU+DpM3llLze7FHmxVtzuN8O+FYh0oAAF4stzAXwiCIVacfqjMwRieQ==",
      "license": "MIT",
      "dependencies": {
        "prop-types": "^15.6.2",
        "tinymce": "^7.0.0 || ^6.0.0 || ^5.5.1"
      },
      "peerDependencies": {
        "react": "^18.0.0 || ^17.0.1 || ^16.7.0",
        "react-dom": "^18.0.0 || ^17.0.1 || ^16.7.0"
      }
    },
    "node_modules/emailjs-com": {
      "version": "3.2.0",
      "resolved": "https://registry.npmjs.org/emailjs-com/-/emailjs-com-3.2.0.tgz",
      "integrity": "sha512-Prbz3E1usiAwGjMNYRv6EsJ5c373cX7/AGnZQwOfrpNJrygQJ15+E9OOq4pU8yC977Z5xMetRfc3WmDX6RcjAA==",
      "deprecated": "The SDK name changed to @emailjs/browser",
      "license": "MIT",
      "engines": {
        "node": ">=12.0.0"
      }
    },
    "node_modules/framer-motion": {
      "version": "12.0.1",
      "resolved": "https://registry.npmjs.org/framer-motion/-/framer-motion-12.0.1.tgz",
      "integrity": "sha512-u6p0Qc4cY/AEQAtrC7qiYlXla39qnWoI4JXY7OCNBDXwJ5yRBD8HU+RhaOqqziw2m/b0BDh32f44W94+wXonMQ==",
      "license": "MIT",
      "dependencies": {
        "motion-dom": "^12.0.0",
        "motion-utils": "^12.0.0",
        "tslib": "^2.4.0"
      },
      "peerDependencies": {
        "@emotion/is-prop-valid": "*",
        "react": "^18.0.0 || ^19.0.0",
        "react-dom": "^18.0.0 || ^19.0.0"
      },
      "peerDependenciesMeta": {
        "@emotion/is-prop-valid": {
          "optional": true
        },
        "react": {
          "optional": true
        },
        "react-dom": {
          "optional": true
        }
      }
    },
    "node_modules/prop-types": {
      "version": "15.8.1",
      "resolved": "https://registry.npmjs.org/prop-types/-/prop-types-15.8.1.tgz",
      "integrity": "sha512-oj87CgZICdulUohogVAR7AjlC0327U4el4L6eAvOqCeudMDVU0NThNaV+b9Df4dXgSP1gXMTnPdhfe/2qDH5cg==",
      "license": "MIT",
      "dependencies": {
        "loose-envify": "^1.4.0",
        "object-assign": "^4.1.1",
        "react-is": "^16.13.1"
      }
    },
    "node_modules/quill": {
      "version": "2.0.3",
      "resolved": "https://registry.npmjs.org/quill/-/quill-2.0.3.tgz",
      "integrity": "sha512-xEYQBqfYx/sfb33VJiKnSJp8ehloavImQ2A6564GAbqG55PGw1dAWUn1MUbQB62t0azawUS2CZZhWCjO8gRvTw==",
      "license": "BSD-3-Clause",
      "dependencies": {
        "eventemitter3": "^5.0.1",
        "lodash-es": "^4.17.21",
        "parchment": "^3.0.0",
        "quill-delta": "^5.1.0"
      },
      "engines": {
        "npm": ">=8.2.3"
      }
    },
    "node_modules/react-quill": {
      "version": "0.0.2",
      "resolved": "https://registry.npmjs.org/react-quill/-/react-quill-0.0.2.tgz",
      "integrity": "sha512-PeiHXZ63Sumh41OdovBQExXJH7B4UsJpyCW8CtRvXrNBa2RJXdciaJvTeb0x6pYQfqkoCYPT5EbUvEr0Z1tohg==",
      "license": "MIT",
      "dependencies": {
        "quilljs": "^0.18.1"
      },
      "engines": {
        "node": ">= 0.8.x"
      },
      "peerDependencies": {
        "react": ">=0.11.0"
      }
    },
    "node_modules/react-transition-group": {
      "version": "4.4.5",
      "resolved": "https://registry.npmjs.org/react-transition-group/-/react-transition-group-4.4.5.tgz",
      "integrity": "sha512-pZcd1MCJoiKiBR2NRxeCRg13uCXbydPnmB4EOeRrY7480qNWO8IIgQG6zlDkm6uRMsURXPuKq0GWtiM59a5Q6g==",
      "license": "BSD-3-Clause",
      "dependencies": {
        "@babel/runtime": "^7.5.5",
        "dom-helpers": "^5.0.1",
        "loose-envify": "^1.4.0",
        "prop-types": "^15.6.2"
      },
      "peerDependencies": {
        "react": ">=16.6.0",
        "react-dom": ">=16.6.0"
      }
    },
    "node_modules/@babel/runtime (2)": {
      "version": "7.26.0",
      "resolved": "https://registry.npmjs.org/@babel/runtime/-/runtime-7.26.0.tgz",
      "integrity": "sha512-FDSOghenHTiToteC/QRlv2q3DhPZ/oOXTBoirfWNx1Cx3TMVcGWQtMMmQcSvb/JjpNeGzx8Pq/b4fKEJuWm1sw==",
      "license": "MIT",
      "dependencies": {
        "regenerator-runtime": "^0.14.0"
      },
      "engines": {
        "node": ">=6.9.0"
      }
    },
    "node_modules/eslint-plugin-react-refresh": {
      "version": "0.4.16",
      "resolved": "https://registry.npmjs.org/eslint-plugin-react-refresh/-/eslint-plugin-react-refresh-0.4.16.tgz",
      "integrity": "sha512-slterMlxAhov/DZO8NScf6mEeMBBXodFUolijDvrtTxyezyLoTQaa73FyYus/VbTdftd8wBgBxPMRk3poleXNQ==",
      "dev": true,
      "license": "MIT",
      "peerDependencies": {
        "eslint": ">=8.40"
      }
    },
    "node_modules/react": {
      "version": "18.3.1",
      "resolved": "https://registry.npmjs.org/react/-/react-18.3.1.tgz",
      "integrity": "sha512-wS+hAgJShR0KhEvPJArfuPVN1+Hz1t0Y6n5jLrGQbkb4urgPE/0Rve+1kMB1v/oWgHgm4WIcV+i7F2pTVj+2iQ==",
      "license": "MIT",
      "dependencies": {
        "loose-envify": "^1.1.0"
      },
      "engines": {
        "node": ">=0.10.0"
      }
    },
    "node_modules/react-dom": {
      "version": "18.3.1",
      "resolved": "https://registry.npmjs.org/react-dom/-/react-dom-18.3.1.tgz",
      "integrity": "sha512-5m4nQKp+rZRb09LNH59GM4BxTh9251/ylbKIbpe7TpGxfJ+9kv6BLkLBXIjjspbgbnIBNqlI23tRnTWT0snUIw==",
      "license": "MIT",
      "dependencies": {
        "loose-envify": "^1.1.0",
        "scheduler": "^0.23.2"
      },
      "peerDependencies": {
        "react": "^18.3.1"
      }
    },

    "node_modules/react-router-dom": {
      "version": "7.1.1",
      "resolved": "https://registry.npmjs.org/react-router-dom/-/react-router-dom-7.1.1.tgz",
      "integrity": "sha512-vSrQHWlJ5DCfyrhgo0k6zViOe9ToK8uT5XGSmnuC2R3/g261IdIMpZVqfjD6vWSXdnf5Czs4VA/V60oVR6/jnA==",
      "license": "MIT",
      "dependencies": {
        "react-router": "7.1.1"
      },
      "engines": {
        "node": ">=20.0.0"
      },
      "peerDependencies": {
        "react": ">=18",
        "react-dom": ">=18"
      }
    },

    "node_modules/eslint-plugin-react": {
      "version": "7.37.3",
      "resolved": "https://registry.npmjs.org/eslint-plugin-react/-/eslint-plugin-react-7.37.3.tgz",
      "integrity": "sha512-DomWuTQPFYZwF/7c9W2fkKkStqZmBd3uugfqBYLdkZ3Hii23WzZuOLUskGxB8qkSKqftxEeGL1TB2kMhrce0jA==",
      "dev": true,
      "license": "MIT"
    },

    "node_modules/@types/react": {
      "version": "18.3.18",
      "resolved": "https://registry.npmjs.org/@types/react/-/react-18.3.18.tgz",
      "integrity": "sha512-t4yC+vtgnkYjNSKlFx1jkAhH8LgTo2N/7Qvi83kdEaUtMDiwpbLAktKDaAMlRcJ5eSxZkH74eEGt1ky31d7kfQ==",
      "license": "MIT",
      "dependencies": {
        "@types/prop-types": "*",
        "csstype": "^3.0.2"
      }
    },
    "node_modules/@types/react-dom": {
      "version": "18.3.5",
      "resolved": "https://registry.npmjs.org/@types/react-dom/-/react-dom-18.3.5.tgz",
      "integrity": "sha512-P4t6saawp+b/dFrUr2cvkVsfvPguwsxtH6dNIYRllMsefqFzkZk5UIjzyDOv5g1dXIPdG4Sp1yCR4Z6RCUsG/Q==",
      "dev": true,
      "license": "MIT",
      "peerDependencies": {
        "@types/react": "^18.0.0"
      }
    },

    "node_modules/@vitejs/plugin-react": {
      "version": "4.3.4",
      "resolved": "https://registry.npmjs.org/@vitejs/plugin-react/-/plugin-react-4.3.4.tgz",
      "integrity": "sha512-SCCPBJtYLdE8PX/7ZQAs1QAZ8Jqwih+0VBLum1EGqmCCQal+MIUqLCzj3ZUy8ufbC0cAM4LRlSTm7IQJwWT4ug==",
      "dev": true,
      "license": "MIT",
      "dependencies": {
        "@babel/core": "^7.26.0",
        "@babel/plugin-transform-react-jsx-self": "^7.25.9",
        "@babel/plugin-transform-react-jsx-source": "^7.25.9",
        "@types/babel__core": "^7.20.5",
        "react-refresh": "^0.14.2"
      },
      "engines": {
        "node": "^14.18.0 || >=16.0.0"
      },
      "peerDependencies": {
        "vite": "^4.2.0 || ^5.0.0 || ^6.0.0"
      }
    },

    "node_modules/eslint": {
      "version": "9.17.0",
      "resolved": "https://registry.npmjs.org/eslint/-/eslint-9.17.0.tgz",
      "integrity": "sha512-evtlNcpJg+cZLcnVKwsai8fExnqjGPicK7gnUtlNuzu+Fv9bI0aLpND5T44VLQtoMEnI57LoXO9XAkIXwohKrA==",
      "dev": true,
      "license": "MIT"
    },
    "node_modules/eslint-plugin-react-hooks": {
      "version": "5.1.0",
      "resolved": "https://registry.npmjs.org/eslint-plugin-react-hooks/-/eslint-plugin-react-hooks-5.1.0.tgz",
      "integrity": "sha512-mpJRtPgHN2tNAvZ35AMfqeB3Xqeo273QxrHJsbBEPWODRM4r0yB6jfoROqKEYrOn27UtRPpcpHc2UqyBSuUNTw==",
      "dev": true,
      "license": "MIT"
    },

    "node_modules/@types/babel__core": {
      "version": "7.20.5",
      "resolved": "https://registry.npmjs.org/@types/babel__core/-/babel__core-7.20.5.tgz",
      "integrity": "sha512-qoQprZvz5wQFJwMDqeseRXWv3rqMvhgpbXFfVyWhbx9X47POIA6i/+dXefEmZKoAgOaTdaIgNSMqMIU61yRyzA==",
      "dev": true,
      "license": "MIT"
    },

    "node_modules/vite": {
      "version": "6.0.7",
      "resolved": "https://registry.npmjs.org/vite/-/vite-6.0.7.tgz",
      "integrity": "sha512-RDt8r/7qx9940f8FcOIAH9PTViRrghKaK2K1jY3RaAURrEUbm9Du1mJ72G+jlhtG3WwodnfzY8ORQZbBavZEAQ==",
      "dev": true,
      "license": "MIT"
    },

    "node_modules/bootstrap": {
      "version": "5.3.3",
      "resolved": "https://registry.npmjs.org/bootstrap/-/bootstrap-5.3.3.tgz",
      "integrity": "sha512-8HLCdWgyoMguSO9o+aH+iuZ+aht+mzW0u3HIMzVu7Srrpv7EBBxTnrFlSCskwdY1+EOFQSm7uMJhNQHkdPcmjg==",
      "license": "MIT",
      "peerDependencies": {
        "@popperjs/core": "^2.11.8"
      }
    },
    "node_modules/axios": {
      "version": "1.7.9",
      "resolved": "https://registry.npmjs.org/axios/-/axios-1.7.9.tgz",
      "integrity": "sha512-LhLcE7Hbiryz8oMDdDptSrWowmB4Bl6RCt6sIJKpRB4XtVf0iEgewX3au/pJqm+Py1kCASkb/FFKjxQaLtxJvw==",
      "license": "MIT"
    },

    "node_modules/lucide-react": {
      "version": "0.469.0",
      "resolved": "https://registry.npmjs.org/lucide-react/-/lucide-react-0.469.0.tgz",
      "integrity": "sha512-28vvUnnKQ/dBwiCQtwJw7QauYnE7yd2Cyp4tTTJpvglX4EMpbflcdBgrgToX2j71B3YvugK/NH3BGUk+E/p/Fw==",
      "license": "ISC",
      "peerDependencies": {
        "react": "^16.5.1 || ^17.0.0 || ^18.0.0 || ^19.0.0"
      }
    },

    "node_modules/chart.js": {
      "version": "4.4.7",
      "resolved": "https://registry.npmjs.org/chart.js/-/chart.js-4.4.7.tgz",
      "integrity": "sha512-pwkcKfdzTMAU/+jNosKhNL2bHtJc/sSmYgVbuGTEDhzkrhmyihmP7vUc/5ZK9WopidMDHNe3Wm7jOd/WhuHWuw==",
      "license": "MIT"
    },

    "node_modules/recharts": {
      "version": "2.15.0",
      "resolved": "https://registry.npmjs.org/recharts/-/recharts-2.15.0.tgz",
      "integrity": "sha512-cIvMxDfpAmqAmVgc4yb7pgm/O1tmmkl/CjrvXuW+62/+7jj/iF9Ykm+hb/UJt42TREHMyd3gb+pkgoa2MxgDIw==",
      "license": "MIT"
    },

    "node_modules/react-bootstrap": {
      "version": "2.10.7",
      "resolved": "https://registry.npmjs.org/react-bootstrap/-/react-bootstrap-2.10.7.tgz",
      "integrity": "sha512-w6mWb3uytB5A18S2oTZpYghcOUK30neMBBvZ/bEfA+WIF2dF4OGqjzoFVMpVXBjtyf92gkmRToHlddiMAVhQqQ==",
      "license": "MIT"
    },

    "node_modules/react-chartjs-2": {
      "version": "5.3.0",
      "resolved": "https://registry.npmjs.org/react-chartjs-2/-/react-chartjs-2-5.3.0.tgz",
      "integrity": "sha512-UfZZFnDsERI3c3CZGxzvNJd02SHjaSJ8kgW1djn65H1KK8rehwTjyrRKOG3VTMG8wtHZ5rgAO5oTHtHi9GCCmw==",
      "license": "MIT"
    },

    "node_modules/react-datepicker": {
      "version": "7.6.0",
      "resolved": "https://registry.npmjs.org/react-datepicker/-/react-datepicker-7.6.0.tgz",
      "integrity": "sha512-9cQH6Z/qa4LrGhzdc3XoHbhrxNcMi9MKjZmYgF/1MNNaJwvdSjv3Xd+jjvrEEbKEf71ZgCA3n7fQbdwd70qCRw==",
      "license": "MIT"
    },

    "node_modules/react-icons": {
      "version": "5.4.0",
      "resolved": "https://registry.npmjs.org/react-icons/-/react-icons-5.4.0.tgz",
      "integrity": "sha512-7eltJxgVt7X64oHh6wSWNwwbKTCtMfK35hcjvJS0yxEAhPM8oUKdS3+kqaW1vicIltw+kR2unHaa12S9pPALoQ==",
      "license": "MIT"
    },

    "node_modules/js-cookie": {
      "version": "3.0.5",
      "resolved": "https://registry.npmjs.org/js-cookie/-/js-cookie-3.0.5.tgz",
      "integrity": "sha512-cEiJEAEoIbWfCZYKWhVwFuvPX1gETRYPw6LlaTKoxD3s2AkXzkCjnp6h0V77ozyqj0jakteJ4YqDJT830+lVGw==",
      "license": "MIT"
    },

    "node_modules/@fortawesome/fontawesome-free": {
      "version": "6.7.2",
      "resolved": "https://registry.npmjs.org/@fortawesome/fontawesome-free/-/fontawesome-free-6.7.2.tgz",
      "integrity": "sha512-JUOtgFW6k9u4Y+xeIaEiLr3+cjoUPiAuLXoyKOJSia6Duzb7pq+A76P9ZdPDoAoxHdHzq6gE9/jKBGXlZT8FbA==",
      "license": "(CC-BY-4.0 AND OFL-1.1 AND MIT)"
    },

    "node_modules/@fortawesome/fontawesome-svg-core": {
      "version": "6.7.2",
      "resolved": "https://registry.npmjs.org/@fortawesome/fontawesome-svg-core/-/fontawesome-svg-core-6.7.2.tgz",
      "integrity": "sha512-yxtOBWDrdi5DD5o1pmVdq3WMCvnobT0LU6R8RyyVXPvFRd2o79/0NCuQoCjNTeZz9EzA9xS3JxNWfv54RIHFEA==",
      "license": "MIT"
    },

    "node_modules/@fortawesome/free-solid-svg-icons": {
      "version": "6.7.2",
      "resolved": "https://registry.npmjs.org/@fortawesome/free-solid-svg-icons/-/free-solid-svg-icons-6.7.2.tgz",
      "integrity": "sha512-GsBrnOzU8uj0LECDfD5zomZJIjrPhIlWU82AHwa2s40FKH+kcxQaBvBo3Z4TxyZHIyX8XTDxsyA33/Vx9eFuQA==",
      "license": "(CC-BY-4.0 AND MIT)"
    },

    "node_modules/@fortawesome/react-fontawesome": {
      "version": "0.2.2",
      "resolved": "https://registry.npmjs.org/@fortawesome/react-fontawesome/-/react-fontawesome-0.2.2.tgz",
      "integrity": "sha512-EnkrprPNqI6SXJl//m29hpaNzOp1bruISWaOiRtkMi/xSvHJlzc2j2JAYS7egxt/EbjSNV/k6Xy0AQI6vB2+1g==",
      "license": "MIT"
    }

    
    
  }
}
